{
  "version": 4,
  "terraform_version": "1.2.8",
  "serial": 9,
  "lineage": "abcb43db-409a-e7eb-2a90-41662b33ef5b",
  "outputs": {
    "kubernetes_cluster_host": {
      "value": "34.125.73.237",
      "type": "string"
    },
    "kubernetes_cluster_name": {
      "value": "emerald-entity-361706-gke",
      "type": "string"
    },
    "project_id": {
      "value": "emerald-entity-361706",
      "type": "string"
    },
    "region": {
      "value": "us-west4",
      "type": "string"
    }
  },
  "resources": [
    {
      "mode": "managed",
      "type": "google_compute_network",
      "name": "vpc",
      "provider": "provider[\"registry.terraform.io/hashicorp/google\"]",
      "instances": [
        {
          "schema_version": 0,
          "attributes": {
            "auto_create_subnetworks": false,
            "delete_default_routes_on_create": false,
            "description": "",
            "gateway_ipv4": "",
            "id": "projects/emerald-entity-361706/global/networks/emerald-entity-361706-vpc",
            "mtu": 0,
            "name": "emerald-entity-361706-vpc",
            "project": "emerald-entity-361706",
            "routing_mode": "REGIONAL",
            "self_link": "https://www.googleapis.com/compute/v1/projects/emerald-entity-361706/global/networks/emerald-entity-361706-vpc",
            "timeouts": null
          },
          "sensitive_attributes": [],
          "private": "eyJlMmJmYjczMC1lY2FhLTExZTYtOGY4OC0zNDM2M2JjN2M0YzAiOnsiY3JlYXRlIjoyNDAwMDAwMDAwMDAsImRlbGV0ZSI6MjQwMDAwMDAwMDAwLCJ1cGRhdGUiOjI0MDAwMDAwMDAwMH19"
        }
      ]
    },
    {
      "mode": "managed",
      "type": "google_compute_subnetwork",
      "name": "subnet",
      "provider": "provider[\"registry.terraform.io/hashicorp/google\"]",
      "instances": [
        {
          "schema_version": 0,
          "attributes": {
            "creation_timestamp": "2022-09-06T00:54:22.019-07:00",
            "description": "",
            "fingerprint": null,
            "gateway_address": "10.10.0.1",
            "id": "projects/emerald-entity-361706/regions/us-west4/subnetworks/emerald-entity-361706-subnet",
            "ip_cidr_range": "10.10.0.0/24",
            "log_config": [],
            "name": "emerald-entity-361706-subnet",
            "network": "https://www.googleapis.com/compute/v1/projects/emerald-entity-361706/global/networks/emerald-entity-361706-vpc",
            "private_ip_google_access": false,
            "private_ipv6_google_access": "DISABLE_GOOGLE_ACCESS",
            "project": "emerald-entity-361706",
            "region": "us-west4",
            "secondary_ip_range": [],
            "self_link": "https://www.googleapis.com/compute/v1/projects/emerald-entity-361706/regions/us-west4/subnetworks/emerald-entity-361706-subnet",
            "timeouts": null
          },
          "sensitive_attributes": [],
          "private": "eyJlMmJmYjczMC1lY2FhLTExZTYtOGY4OC0zNDM2M2JjN2M0YzAiOnsiY3JlYXRlIjozNjAwMDAwMDAwMDAsImRlbGV0ZSI6MzYwMDAwMDAwMDAwLCJ1cGRhdGUiOjM2MDAwMDAwMDAwMH19",
          "dependencies": [
            "google_compute_network.vpc"
          ]
        }
      ]
    },
    {
      "mode": "managed",
      "type": "google_container_cluster",
      "name": "primary",
      "provider": "provider[\"registry.terraform.io/hashicorp/google\"]",
      "instances": [
        {
          "schema_version": 1,
          "attributes": {
            "addons_config": [
              {
                "cloudrun_config": [],
                "horizontal_pod_autoscaling": [],
                "http_load_balancing": [],
                "network_policy_config": [
                  {
                    "disabled": true
                  }
                ]
              }
            ],
            "authenticator_groups_config": [],
            "cluster_autoscaling": [
              {
                "auto_provisioning_defaults": [],
                "enabled": false,
                "resource_limits": []
              }
            ],
            "cluster_ipv4_cidr": "10.228.0.0/14",
            "database_encryption": [
              {
                "key_name": "",
                "state": "DECRYPTED"
              }
            ],
            "default_max_pods_per_node": 110,
            "description": "",
            "enable_binary_authorization": false,
            "enable_intranode_visibility": null,
            "enable_kubernetes_alpha": false,
            "enable_legacy_abac": false,
            "enable_shielded_nodes": false,
            "enable_tpu": null,
            "endpoint": "34.125.73.237",
            "id": "projects/emerald-entity-361706/locations/us-west4/clusters/emerald-entity-361706-gke",
            "initial_node_count": 1,
            "instance_group_urls": [],
            "ip_allocation_policy": [
              {
                "cluster_ipv4_cidr_block": "10.228.0.0/14",
                "cluster_secondary_range_name": "gke-emerald-entity-361706-gke-pods-ab37b5ed",
                "services_ipv4_cidr_block": "10.232.0.0/20",
                "services_secondary_range_name": "gke-emerald-entity-361706-gke-services-ab37b5ed"
              }
            ],
            "label_fingerprint": "a9dc16a7",
            "location": "us-west4",
            "logging_service": "logging.googleapis.com/kubernetes",
            "maintenance_policy": [],
            "master_auth": [
              {
                "client_certificate": "",
                "client_certificate_config": [
                  {
                    "issue_client_certificate": false
                  }
                ],
                "client_key": "",
                "cluster_ca_certificate": "LS0tLS1CRUdJTiBDRVJUSUZJQ0FURS0tLS0tCk1JSUVMVENDQXBXZ0F3SUJBZ0lSQUtsTTk5dWw5KzU3WTZMakR6OFFFT1F3RFFZSktvWklodmNOQVFFTEJRQXcKTHpFdE1Dc0dBMVVFQXhNa05XWTVNRE0yT0dVdE9HWmlZeTAwTWpObUxUa3pPVGd0WVdVeU5XTmhZMkUxT1dJMgpNQ0FYRFRJeU1Ea3dOakEzTURVeE1sb1lEekl3TlRJd09ESTVNRGd3TlRFeVdqQXZNUzB3S3dZRFZRUURFeVExClpqa3dNelk0WlMwNFptSmpMVFF5TTJZdE9UTTVPQzFoWlRJMVkyRmpZVFU1WWpZd2dnR2lNQTBHQ1NxR1NJYjMKRFFFQkFRVUFBNElCandBd2dnR0tBb0lCZ1FEQkoyWW1PV2VWTDQ0ZG8xaGl6aXlZZGxtRFdBUHRQM21UcnJJdgpQRFhqVzA2L3dzVlJpdWxSbjI4WFhxdGxpVytjNHhuYm85U2gxWEg0eDVSdFdFQXhpYnZHSDlOZUhUMEhXVExnCkFobDRsK0lwODlubHRqQWovOHc4VmpFMTlsTDlYK0VFYWoyVmVheDJCeUFXN0RxNWRENVI1eGRtbkwzT1d1SEsKM3lYRllCanFvTitHSGsySldoY2tWbzU3QnphdExrRmI3SnU5SUV6UXhraENYVmQ0YUZrd1U1Z08wMC9adDRYWAplZVNZZ21HbmdyQzBpR2toQ2huc0UrQ0t3RnR3MkNjeUVxNjhnb0V6blFmK1Z1Uit5WHpCTzdkRjV2MWJsT1NKCkpGUzNmME4xQUF4Zm5qbHFYdEQvcGFqN1VSWHU5NXNNbkRlaFE1ZDhEVGt2RUpGSDgrbWgwZmVOSnVhY1Q5aXoKWXNkbGM0MGlMR2VMeUl2eDNUdlZOdmYzNEc0S1RHY0ZPNjRPY2hQNk5YSVNSd2xBVFp2RE94WSs4UzUzc282RAptdXdQSGxqbzVCejg3WjVDbXVVNlpBOEUvYmcxbFFtK2xSTWNUVjh4Ym1PMElpdzZycEE2SUpUUFlabG5JVWFBCjYwUUxwUXhSOGplVlVyUXQ3bURwZExYaXBmRUNBd0VBQWFOQ01FQXdEZ1lEVlIwUEFRSC9CQVFEQWdJRU1BOEcKQTFVZEV3RUIvd1FGTUFNQkFmOHdIUVlEVlIwT0JCWUVGTmVSejI0ZDlod0p1S0M5UUlkdXB2RTFlNVc2TUEwRwpDU3FHU0liM0RRRUJDd1VBQTRJQmdRQjR6SWdYQlEzRkJEem9vUVpDcnhGR3FGb1VBRjhXRVgxUjJRMmRqV21tCkdFUEFLYXphSTFKbWl1a3lUVC9Lbk1FWW5TaElmRFN1am5IYWoxSU9WTDAvUDJHOHNIWGpoRkRZYVBjRzZpWi8Kem0vVmNtSGo3c1FsbnI0RThwTXQrZFE1N3hUYmRxWXVzdFg3aCt3Vko3Q3dTcXFTbXJCajMxWUs4WnVTdzNXcgpRaVozMmYyZHplUHk3a0FoNGJoS0dPSEtUeFFBY1NPcHJvNTN1NFFXZVdwQ1RabTdiT0d0c3ozNUNGUmVOWnVXCktmNDI2QUNlckVFTkJNQlRBMjhDZ1pHVkJuM3RKU0VlN2NWM0g2dzlNbmZTdlZEOUFSZVN0VG9rTUhxcVlVaFEKSldxa2VsTUIwbUs5ZWN4dFVUUVNlOWNmRXNJak5tUlVQd0M1YzJZTyt3dHZjdkhjeHAvT3NvVFl4QlVkemMvMgpWcG9sUS9DbEtUczJHQTd6ako2aGFJdDhId1VKTllJTVRoTGIxd2xyVTYyZU4vZy9FbEJNaDN6Z1pCMXFlekVoCkZlcUltRE1qejNaclFMSXJMbTdqdEZ1WEt2dmVoeXViajRtd2RtUTcxOWE3Tk1KbmJ6S0JoeUcxR1daNlVuRGYKczZ3by9SRjZCN1UyYmZhY3lWSzlaekU9Ci0tLS0tRU5EIENFUlRJRklDQVRFLS0tLS0K",
                "password": "",
                "username": ""
              }
            ],
            "master_authorized_networks_config": [],
            "master_version": "1.22.11-gke.400",
            "min_master_version": null,
            "monitoring_service": "monitoring.googleapis.com/kubernetes",
            "name": "emerald-entity-361706-gke",
            "network": "projects/emerald-entity-361706/global/networks/emerald-entity-361706-vpc",
            "network_policy": [
              {
                "enabled": false,
                "provider": "PROVIDER_UNSPECIFIED"
              }
            ],
            "node_config": [],
            "node_locations": [
              "us-west4-a",
              "us-west4-b",
              "us-west4-c"
            ],
            "node_pool": [],
            "node_version": "1.22.11-gke.400",
            "operation": null,
            "pod_security_policy_config": [],
            "private_cluster_config": [],
            "project": "emerald-entity-361706",
            "release_channel": [
              {
                "channel": "REGULAR"
              }
            ],
            "remove_default_node_pool": true,
            "resource_labels": null,
            "resource_usage_export_config": [],
            "self_link": "https://container.googleapis.com/v1beta1/projects/emerald-entity-361706/locations/us-west4/clusters/emerald-entity-361706-gke",
            "services_ipv4_cidr": "10.232.0.0/20",
            "subnetwork": "projects/emerald-entity-361706/regions/us-west4/subnetworks/emerald-entity-361706-subnet",
            "timeouts": null,
            "vertical_pod_autoscaling": [],
            "workload_identity_config": []
          },
          "sensitive_attributes": [],
          "private": "eyJlMmJmYjczMC1lY2FhLTExZTYtOGY4OC0zNDM2M2JjN2M0YzAiOnsiY3JlYXRlIjoyNDAwMDAwMDAwMDAwLCJkZWxldGUiOjI0MDAwMDAwMDAwMDAsInJlYWQiOjI0MDAwMDAwMDAwMDAsInVwZGF0ZSI6MzYwMDAwMDAwMDAwMH0sInNjaGVtYV92ZXJzaW9uIjoiMSJ9",
          "dependencies": [
            "google_compute_network.vpc",
            "google_compute_subnetwork.subnet"
          ]
        }
      ]
    },
    {
      "mode": "managed",
      "type": "google_container_node_pool",
      "name": "primary_nodes",
      "provider": "provider[\"registry.terraform.io/hashicorp/google\"]",
      "instances": [
        {
          "schema_version": 1,
          "attributes": {
            "autoscaling": [],
            "cluster": "emerald-entity-361706-gke",
            "id": "projects/emerald-entity-361706/locations/us-west4/clusters/emerald-entity-361706-gke/nodePools/emerald-entity-361706-gke-node-pool",
            "initial_node_count": 2,
            "instance_group_urls": [
              "https://www.googleapis.com/compute/v1/projects/emerald-entity-361706/zones/us-west4-c/instanceGroupManagers/gke-emerald-entity-3-emerald-entity-3-c3b88b1b-grp",
              "https://www.googleapis.com/compute/v1/projects/emerald-entity-361706/zones/us-west4-b/instanceGroupManagers/gke-emerald-entity-3-emerald-entity-3-43da7b17-grp",
              "https://www.googleapis.com/compute/v1/projects/emerald-entity-361706/zones/us-west4-a/instanceGroupManagers/gke-emerald-entity-3-emerald-entity-3-f3847258-grp"
            ],
            "location": "us-west4",
            "management": [
              {
                "auto_repair": true,
                "auto_upgrade": true
              }
            ],
            "max_pods_per_node": 110,
            "name": "emerald-entity-361706-gke-node-pool",
            "name_prefix": "",
            "node_config": [
              {
                "disk_size_gb": 100,
                "disk_type": "pd-standard",
                "guest_accelerator": [],
                "image_type": "COS_CONTAINERD",
                "labels": {
                  "env": "emerald-entity-361706"
                },
                "local_ssd_count": 0,
                "machine_type": "n1-standard-1",
                "metadata": {
                  "disable-legacy-endpoints": "true"
                },
                "min_cpu_platform": "",
                "oauth_scopes": [
                  "https://www.googleapis.com/auth/logging.write",
                  "https://www.googleapis.com/auth/monitoring"
                ],
                "preemptible": false,
                "service_account": "default",
                "shielded_instance_config": [
                  {
                    "enable_integrity_monitoring": true,
                    "enable_secure_boot": false
                  }
                ],
                "tags": [
                  "gke-node",
                  "emerald-entity-361706-gke"
                ],
                "taint": [],
                "workload_metadata_config": []
              }
            ],
            "node_count": 2,
            "node_locations": [
              "us-west4-a",
              "us-west4-b",
              "us-west4-c"
            ],
            "project": "emerald-entity-361706",
            "timeouts": null,
            "upgrade_settings": [
              {
                "max_surge": 1,
                "max_unavailable": 0
              }
            ],
            "version": "1.22.11-gke.400"
          },
          "sensitive_attributes": [],
          "private": "eyJlMmJmYjczMC1lY2FhLTExZTYtOGY4OC0zNDM2M2JjN2M0YzAiOnsiY3JlYXRlIjoxODAwMDAwMDAwMDAwLCJkZWxldGUiOjE4MDAwMDAwMDAwMDAsInVwZGF0ZSI6MTgwMDAwMDAwMDAwMH0sInNjaGVtYV92ZXJzaW9uIjoiMSJ9",
          "dependencies": [
            "google_compute_network.vpc",
            "google_compute_subnetwork.subnet",
            "google_container_cluster.primary"
          ]
        }
      ]
    }
  ]
}
