{
  "version": 4,
  "terraform_version": "1.2.8",
  "serial": 6,
  "lineage": "abcb43db-409a-e7eb-2a90-41662b33ef5b",
  "outputs": {
    "kubernetes_cluster_name": {
      "value": "emerald-entity-361706-gke",
      "type": "string"
    },
    "project_id": {
      "value": "emerald-entity-361706",
      "type": "string"
    },
    "region": {
      "value": "us-west4",
      "type": "string"
    }
  },
  "resources": [
    {
      "mode": "managed",
      "type": "google_compute_network",
      "name": "vpc",
      "provider": "provider[\"registry.terraform.io/hashicorp/google\"]",
      "instances": [
        {
          "schema_version": 0,
          "attributes": {
            "auto_create_subnetworks": false,
            "delete_default_routes_on_create": false,
            "description": "",
            "gateway_ipv4": "",
            "id": "projects/emerald-entity-361706/global/networks/emerald-entity-361706-vpc",
            "mtu": 0,
            "name": "emerald-entity-361706-vpc",
            "project": "emerald-entity-361706",
            "routing_mode": "REGIONAL",
            "self_link": "https://www.googleapis.com/compute/v1/projects/emerald-entity-361706/global/networks/emerald-entity-361706-vpc",
            "timeouts": null
          },
          "sensitive_attributes": [],
          "private": "eyJlMmJmYjczMC1lY2FhLTExZTYtOGY4OC0zNDM2M2JjN2M0YzAiOnsiY3JlYXRlIjoyNDAwMDAwMDAwMDAsImRlbGV0ZSI6MjQwMDAwMDAwMDAwLCJ1cGRhdGUiOjI0MDAwMDAwMDAwMH19"
        }
      ]
    },
    {
      "mode": "managed",
      "type": "google_compute_subnetwork",
      "name": "subnet",
      "provider": "provider[\"registry.terraform.io/hashicorp/google\"]",
      "instances": [
        {
          "schema_version": 0,
          "attributes": {
            "creation_timestamp": "2022-09-06T00:54:22.019-07:00",
            "description": "",
            "fingerprint": null,
            "gateway_address": "10.10.0.1",
            "id": "projects/emerald-entity-361706/regions/us-west4/subnetworks/emerald-entity-361706-subnet",
            "ip_cidr_range": "10.10.0.0/24",
            "log_config": [],
            "name": "emerald-entity-361706-subnet",
            "network": "https://www.googleapis.com/compute/v1/projects/emerald-entity-361706/global/networks/emerald-entity-361706-vpc",
            "private_ip_google_access": false,
            "private_ipv6_google_access": "DISABLE_GOOGLE_ACCESS",
            "project": "emerald-entity-361706",
            "region": "us-west4",
            "secondary_ip_range": [],
            "self_link": "https://www.googleapis.com/compute/v1/projects/emerald-entity-361706/regions/us-west4/subnetworks/emerald-entity-361706-subnet",
            "timeouts": null
          },
          "sensitive_attributes": [],
          "private": "eyJlMmJmYjczMC1lY2FhLTExZTYtOGY4OC0zNDM2M2JjN2M0YzAiOnsiY3JlYXRlIjozNjAwMDAwMDAwMDAsImRlbGV0ZSI6MzYwMDAwMDAwMDAwLCJ1cGRhdGUiOjM2MDAwMDAwMDAwMH19",
          "dependencies": [
            "google_compute_network.vpc"
          ]
        }
      ]
    },
    {
      "mode": "managed",
      "type": "google_container_node_pool",
      "name": "primary_nodes",
      "provider": "provider[\"registry.terraform.io/hashicorp/google\"]",
      "instances": []
    }
  ]
}
